
Microsoft Visual Studio Solution File, Format Version 11.00
# Visual Studio 2010
Project("{FAE04EC0-301F-11D3-BF4B-00C04F79EFBC}") = "goodcat.un-inventory.core", "goodcat.un-inventory.core.csproj", "{ad8ce366-5372-104a-133b-017f5159c004}"
EndProject
Project("{FAE04EC0-301F-11D3-BF4B-00C04F79EFBC}") = "goodcat.un-inventory.standard", "goodcat.un-inventory.standard.csproj", "{e318aaa4-4fc5-9455-dd4c-1a4082d0cf9b}"
EndProject
Project("{FAE04EC0-301F-11D3-BF4B-00C04F79EFBC}") = "Assembly-CSharp", "Assembly-CSharp.csproj", "{e7515fbb-7e21-1eaf-37c0-ac5e2d1bf025}"
EndProject
Project("{FAE04EC0-301F-11D3-BF4B-00C04F79EFBC}") = "samples-environment", "samples-environment.csproj", "{7c0a4dbf-ff02-9897-fc83-e07e3887f017}"
EndProject
Project("{FAE04EC0-301F-11D3-BF4B-00C04F79EFBC}") = "goodcat.un-inventory.plugins.standard", "goodcat.un-inventory.plugins.standard.csproj", "{5923b177-b652-1a63-2265-359c85192ba0}"
EndProject
Project("{FAE04EC0-301F-11D3-BF4B-00C04F79EFBC}") = "sample.hero", "sample.hero.csproj", "{753587d9-3143-26c9-e8e0-552ac3d737a7}"
EndProject
Project("{FAE04EC0-301F-11D3-BF4B-00C04F79EFBC}") = "sample.trade", "sample.trade.csproj", "{a71bc223-7959-9dae-3c24-eaa5ed647ef0}"
EndProject
Project("{FAE04EC0-301F-11D3-BF4B-00C04F79EFBC}") = "goodcat.un-inventory.editor", "goodcat.un-inventory.editor.csproj", "{8584b954-64b5-86af-c8b1-a985331909a7}"
EndProject
Global
	GlobalSection(SolutionConfigurationPlatforms) = preSolution
		Debug|Any CPU = Debug|Any CPU
	EndGlobalSection
	GlobalSection(ProjectConfigurationPlatforms) = postSolution
		{ad8ce366-5372-104a-133b-017f5159c004}.Debug|Any CPU.ActiveCfg = Debug|Any CPU
		{ad8ce366-5372-104a-133b-017f5159c004}.Debug|Any CPU.Build.0 = Debug|Any CPU
		{e318aaa4-4fc5-9455-dd4c-1a4082d0cf9b}.Debug|Any CPU.ActiveCfg = Debug|Any CPU
		{e318aaa4-4fc5-9455-dd4c-1a4082d0cf9b}.Debug|Any CPU.Build.0 = Debug|Any CPU
		{e7515fbb-7e21-1eaf-37c0-ac5e2d1bf025}.Debug|Any CPU.ActiveCfg = Debug|Any CPU
		{e7515fbb-7e21-1eaf-37c0-ac5e2d1bf025}.Debug|Any CPU.Build.0 = Debug|Any CPU
		{7c0a4dbf-ff02-9897-fc83-e07e3887f017}.Debug|Any CPU.ActiveCfg = Debug|Any CPU
		{7c0a4dbf-ff02-9897-fc83-e07e3887f017}.Debug|Any CPU.Build.0 = Debug|Any CPU
		{5923b177-b652-1a63-2265-359c85192ba0}.Debug|Any CPU.ActiveCfg = Debug|Any CPU
		{5923b177-b652-1a63-2265-359c85192ba0}.Debug|Any CPU.Build.0 = Debug|Any CPU
		{753587d9-3143-26c9-e8e0-552ac3d737a7}.Debug|Any CPU.ActiveCfg = Debug|Any CPU
		{753587d9-3143-26c9-e8e0-552ac3d737a7}.Debug|Any CPU.Build.0 = Debug|Any CPU
		{a71bc223-7959-9dae-3c24-eaa5ed647ef0}.Debug|Any CPU.ActiveCfg = Debug|Any CPU
		{a71bc223-7959-9dae-3c24-eaa5ed647ef0}.Debug|Any CPU.Build.0 = Debug|Any CPU
		{8584b954-64b5-86af-c8b1-a985331909a7}.Debug|Any CPU.ActiveCfg = Debug|Any CPU
		{8584b954-64b5-86af-c8b1-a985331909a7}.Debug|Any CPU.Build.0 = Debug|Any CPU
	EndGlobalSection
	GlobalSection(SolutionProperties) = preSolution
		HideSolutionNode = FALSE
	EndGlobalSection
EndGlobal
